// !$*UTF8*$!
{
	archiveVersion = 1;
	classes = {
	};
	objectVersion = 50;
	objects = {

/* Begin PBXBuildFile section */
		9827511626FC25A10077A5F7 /* AppDelegate.swift in Sources */ = {isa = PBXBuildFile; fileRef = 9827511526FC25A10077A5F7 /* AppDelegate.swift */; };
		9827511826FC25A10077A5F7 /* SceneDelegate.swift in Sources */ = {isa = PBXBuildFile; fileRef = 9827511726FC25A10077A5F7 /* SceneDelegate.swift */; };
		9827511A26FC25A10077A5F7 /* ViewController.swift in Sources */ = {isa = PBXBuildFile; fileRef = 9827511926FC25A10077A5F7 /* ViewController.swift */; };
		9827511D26FC25A10077A5F7 /* Main.storyboard in Resources */ = {isa = PBXBuildFile; fileRef = 9827511B26FC25A10077A5F7 /* Main.storyboard */; };
		9827511F26FC25A20077A5F7 /* Assets.xcassets in Resources */ = {isa = PBXBuildFile; fileRef = 9827511E26FC25A20077A5F7 /* Assets.xcassets */; };
		9827512226FC25A20077A5F7 /* LaunchScreen.storyboard in Resources */ = {isa = PBXBuildFile; fileRef = 9827512026FC25A20077A5F7 /* LaunchScreen.storyboard */; };
		9827512D26FC25A20077A5F7 /* TispterTests.swift in Sources */ = {isa = PBXBuildFile; fileRef = 9827512C26FC25A20077A5F7 /* TispterTests.swift */; };
		9827513826FC25A20077A5F7 /* TispterUITests.swift in Sources */ = {isa = PBXBuildFile; fileRef = 9827513726FC25A20077A5F7 /* TispterUITests.swift */; };
/* End PBXBuildFile section */

/* Begin PBXContainerItemProxy section */
		9827512926FC25A20077A5F7 /* PBXContainerItemProxy */ = {
			isa = PBXContainerItemProxy;
			containerPortal = 9827510A26FC25A10077A5F7 /* Project object */;
			proxyType = 1;
			remoteGlobalIDString = 9827511126FC25A10077A5F7;
			remoteInfo = Tispter;
		};
		9827513426FC25A20077A5F7 /* PBXContainerItemProxy */ = {
			isa = PBXContainerItemProxy;
			containerPortal = 9827510A26FC25A10077A5F7 /* Project object */;
			proxyType = 1;
			remoteGlobalIDString = 9827511126FC25A10077A5F7;
			remoteInfo = Tispter;
		};
/* End PBXContainerItemProxy section */

/* Begin PBXFileReference section */
		9827511226FC25A10077A5F7 /* Tispter.app */ = {isa = PBXFileReference; explicitFileType = wrapper.application; includeInIndex = 0; path = Tispter.app; sourceTree = BUILT_PRODUCTS_DIR; };
		9827511526FC25A10077A5F7 /* AppDelegate.swift */ = {isa = PBXFileReference; lastKnownFileType = sourcecode.swift; path = AppDelegate.swift; sourceTree = "<group>"; };
		9827511726FC25A10077A5F7 /* SceneDelegate.swift */ = {isa = PBXFileReference; lastKnownFileType = sourcecode.swift; path = SceneDelegate.swift; sourceTree = "<group>"; };
		9827511926FC25A10077A5F7 /* ViewController.swift */ = {isa = PBXFileReference; lastKnownFileType = sourcecode.swift; path = ViewController.swift; sourceTree = "<group>"; };
		9827511C26FC25A10077A5F7 /* Base */ = {isa = PBXFileReference; lastKnownFileType = file.storyboard; name = Base; path = Base.lproj/Main.storyboard; sourceTree = "<group>"; };
		9827511E26FC25A20077A5F7 /* Assets.xcassets */ = {isa = PBXFileReference; lastKnownFileType = folder.assetcatalog; path = Assets.xcassets; sourceTree = "<group>"; };
		9827512126FC25A20077A5F7 /* Base */ = {isa = PBXFileReference; lastKnownFileType = file.storyboard; name = Base; path = Base.lproj/LaunchScreen.storyboard; sourceTree = "<group>"; };
		9827512326FC25A20077A5F7 /* Info.plist */ = {isa = PBXFileReference; lastKnownFileType = text.plist.xml; path = Info.plist; sourceTree = "<group>"; };
		9827512826FC25A20077A5F7 /* TispterTests.xctest */ = {isa = PBXFileReference; explicitFileType = wrapper.cfbundle; includeInIndex = 0; path = TispterTests.xctest; sourceTree = BUILT_PRODUCTS_DIR; };
		9827512C26FC25A20077A5F7 /* TispterTests.swift */ = {isa = PBXFileReference; lastKnownFileType = sourcecode.swift; path = TispterTests.swift; sourceTree = "<group>"; };
		9827512E26FC25A20077A5F7 /* Info.plist */ = {isa = PBXFileReference; lastKnownFileType = text.plist.xml; path = Info.plist; sourceTree = "<group>"; };
		9827513326FC25A20077A5F7 /* TispterUITests.xctest */ = {isa = PBXFileReference; explicitFileType = wrapper.cfbundle; includeInIndex = 0; path = TispterUITests.xctest; sourceTree = BUILT_PRODUCTS_DIR; };
		9827513726FC25A20077A5F7 /* TispterUITests.swift */ = {isa = PBXFileReference; lastKnownFileType = sourcecode.swift; path = TispterUITests.swift; sourceTree = "<group>"; };
		9827513926FC25A20077A5F7 /* Info.plist */ = {isa = PBXFileReference; lastKnownFileType = text.plist.xml; path = Info.plist; sourceTree = "<group>"; };
/* End PBXFileReference section */

/* Begin PBXFrameworksBuildPhase section */
		9827510F26FC25A10077A5F7 /* Frameworks */ = {
			isa = PBXFrameworksBuildPhase;
			buildActionMask = 2147483647;
			files = (
			);
			runOnlyForDeploymentPostprocessing = 0;
		};
		9827512526FC25A20077A5F7 /* Frameworks */ = {
			isa = PBXFrameworksBuildPhase;
			buildActionMask = 2147483647;
			files = (
			);
			runOnlyForDeploymentPostprocessing = 0;
		};
		9827513026FC25A20077A5F7 /* Frameworks */ = {
			isa = PBXFrameworksBuildPhase;
			buildActionMask = 2147483647;
			files = (
			);
			runOnlyForDeploymentPostprocessing = 0;
		};
/* End PBXFrameworksBuildPhase section */

/* Begin PBXGroup section */
		9827510926FC25A10077A5F7 = {
			isa = PBXGroup;
			children = (
				9827511426FC25A10077A5F7 /* Tispter */,
				9827512B26FC25A20077A5F7 /* TispterTests */,
				9827513626FC25A20077A5F7 /* TispterUITests */,
				9827511326FC25A10077A5F7 /* Products */,
			);
			sourceTree = "<group>";
		};
		9827511326FC25A10077A5F7 /* Products */ = {
			isa = PBXGroup;
			children = (
				9827511226FC25A10077A5F7 /* Tispter.app */,
				9827512826FC25A20077A5F7 /* TispterTests.xctest */,
				9827513326FC25A20077A5F7 /* TispterUITests.xctest */,
			);
			name = Products;
			sourceTree = "<group>";
		};
		9827511426FC25A10077A5F7 /* Tispter */ = {
			isa = PBXGroup;
			children = (
				9827511526FC25A10077A5F7 /* AppDelegate.swift */,
				9827511726FC25A10077A5F7 /* SceneDelegate.swift */,
				9827511926FC25A10077A5F7 /* ViewController.swift */,
				9827511B26FC25A10077A5F7 /* Main.storyboard */,
				9827511E26FC25A20077A5F7 /* Assets.xcassets */,
				9827512026FC25A20077A5F7 /* LaunchScreen.storyboard */,
				9827512326FC25A20077A5F7 /* Info.plist */,
			);
			path = Tispter;
			sourceTree = "<group>";
		};
		9827512B26FC25A20077A5F7 /* TispterTests */ = {
			isa = PBXGroup;
			children = (
				9827512C26FC25A20077A5F7 /* TispterTests.swift */,
				9827512E26FC25A20077A5F7 /* Info.plist */,
			);
			path = TispterTests;
			sourceTree = "<group>";
		};
		9827513626FC25A20077A5F7 /* TispterUITests */ = {
			isa = PBXGroup;
			children = (
				9827513726FC25A20077A5F7 /* TispterUITests.swift */,
				9827513926FC25A20077A5F7 /* Info.plist */,
			);
			path = TispterUITests;
			sourceTree = "<group>";
		};
/* End PBXGroup section */

/* Begin PBXNativeTarget section */
		9827511126FC25A10077A5F7 /* Tispter */ = {
			isa = PBXNativeTarget;
			buildConfigurationList = 9827513C26FC25A20077A5F7 /* Build configuration list for PBXNativeTarget "Tispter" */;
			buildPhases = (
				9827510E26FC25A10077A5F7 /* Sources */,
				9827510F26FC25A10077A5F7 /* Frameworks */,
				9827511026FC25A10077A5F7 /* Resources */,
			);
			buildRules = (
			);
			dependencies = (
			);
			name = Tispter;
			productName = Tispter;
			productReference = 9827511226FC25A10077A5F7 /* Tispter.app */;
			productType = "com.apple.product-type.application";
		};
		9827512726FC25A20077A5F7 /* TispterTests */ = {
			isa = PBXNativeTarget;
			buildConfigurationList = 9827513F26FC25A20077A5F7 /* Build configuration list for PBXNativeTarget "TispterTests" */;
			buildPhases = (
				9827512426FC25A20077A5F7 /* Sources */,
				9827512526FC25A20077A5F7 /* Frameworks */,
				9827512626FC25A20077A5F7 /* Resources */,
			);
			buildRules = (
			);
			dependencies = (
				9827512A26FC25A20077A5F7 /* PBXTargetDependency */,
			);
			name = TispterTests;
			productName = TispterTests;
			productReference = 9827512826FC25A20077A5F7 /* TispterTests.xctest */;
			productType = "com.apple.product-type.bundle.unit-test";
		};
		9827513226FC25A20077A5F7 /* TispterUITests */ = {
			isa = PBXNativeTarget;
			buildConfigurationList = 9827514226FC25A20077A5F7 /* Build configuration list for PBXNativeTarget "TispterUITests" */;
			buildPhases = (
				9827512F26FC25A20077A5F7 /* Sources */,
				9827513026FC25A20077A5F7 /* Frameworks */,
				9827513126FC25A20077A5F7 /* Resources */,
			);
			buildRules = (
			);
			dependencies = (
				9827513526FC25A20077A5F7 /* PBXTargetDependency */,
			);
			name = TispterUITests;
			productName = TispterUITests;
			productReference = 9827513326FC25A20077A5F7 /* TispterUITests.xctest */;
			productType = "com.apple.product-type.bundle.ui-testing";
		};
/* End PBXNativeTarget section */

/* Begin PBXProject section */
		9827510A26FC25A10077A5F7 /* Project object */ = {
			isa = PBXProject;
			attributes = {
				LastSwiftUpdateCheck = 1250;
				LastUpgradeCheck = 1250;
				TargetAttributes = {
					9827511126FC25A10077A5F7 = {
						CreatedOnToolsVersion = 12.5.1;
					};
					9827512726FC25A20077A5F7 = {
						CreatedOnToolsVersion = 12.5.1;
						TestTargetID = 9827511126FC25A10077A5F7;
					};
					9827513226FC25A20077A5F7 = {
						CreatedOnToolsVersion = 12.5.1;
						TestTargetID = 9827511126FC25A10077A5F7;
					};
				};
			};
			buildConfigurationList = 9827510D26FC25A10077A5F7 /* Build configuration list for PBXProject "Tispter" */;
			compatibilityVersion = "Xcode 9.3";
			developmentRegion = en;
			hasScannedForEncodings = 0;
			knownRegions = (
				en,
				Base,
			);
			mainGroup = 9827510926FC25A10077A5F7;
			productRefGroup = 9827511326FC25A10077A5F7 /* Products */;
			projectDirPath = "";
			projectRoot = "";
			targets = (
				9827511126FC25A10077A5F7 /* Tispter */,
				9827512726FC25A20077A5F7 /* TispterTests */,
				9827513226FC25A20077A5F7 /* TispterUITests */,
			);
		};
/* End PBXProject section */

/* Begin PBXResourcesBuildPhase section */
		9827511026FC25A10077A5F7 /* Resources */ = {
			isa = PBXResourcesBuildPhase;
			buildActionMask = 2147483647;
			files = (
				9827512226FC25A20077A5F7 /* LaunchScreen.storyboard in Resources */,
				9827511F26FC25A20077A5F7 /* Assets.xcassets in Resources */,
				9827511D26FC25A10077A5F7 /* Main.storyboard in Resources */,
			);
			runOnlyForDeploymentPostprocessing = 0;
		};
		9827512626FC25A20077A5F7 /* Resources */ = {
			isa = PBXResourcesBuildPhase;
			buildActionMask = 2147483647;
			files = (
			);
			runOnlyForDeploymentPostprocessing = 0;
		};
		9827513126FC25A20077A5F7 /* Resources */ = {
			isa = PBXResourcesBuildPhase;
			buildActionMask = 2147483647;
			files = (
			);
			runOnlyForDeploymentPostprocessing = 0;
		};
/* End PBXResourcesBuildPhase section */

/* Begin PBXSourcesBuildPhase section */
		9827510E26FC25A10077A5F7 /* Sources */ = {
			isa = PBXSourcesBuildPhase;
			buildActionMask = 2147483647;
			files = (
				9827511A26FC25A10077A5F7 /* ViewController.swift in Sources */,
				9827511626FC25A10077A5F7 /* AppDelegate.swift in Sources */,
				9827511826FC25A10077A5F7 /* SceneDelegate.swift in Sources */,
			);
			runOnlyForDeploymentPostprocessing = 0;
		};
		9827512426FC25A20077A5F7 /* Sources */ = {
			isa = PBXSourcesBuildPhase;
			buildActionMask = 2147483647;
			files = (
				9827512D26FC25A20077A5F7 /* TispterTests.swift in Sources */,
			);
			runOnlyForDeploymentPostprocessing = 0;
		};
		9827512F26FC25A20077A5F7 /* Sources */ = {
			isa = PBXSourcesBuildPhase;
			buildActionMask = 2147483647;
			files = (
				9827513826FC25A20077A5F7 /* TispterUITests.swift in Sources */,
			);
			runOnlyForDeploymentPostprocessing = 0;
		};
/* End PBXSourcesBuildPhase section */

/* Begin PBXTargetDependency section */
		9827512A26FC25A20077A5F7 /* PBXTargetDependency */ = {
			isa = PBXTargetDependency;
			target = 9827511126FC25A10077A5F7 /* Tispter */;
			targetProxy = 9827512926FC25A20077A5F7 /* PBXContainerItemProxy */;
		};
		9827513526FC25A20077A5F7 /* PBXTargetDependency */ = {
			isa = PBXTargetDependency;
			target = 9827511126FC25A10077A5F7 /* Tispter */;
			targetProxy = 9827513426FC25A20077A5F7 /* PBXContainerItemProxy */;
		};
/* End PBXTargetDependency section */

/* Begin PBXVariantGroup section */
		9827511B26FC25A10077A5F7 /* Main.storyboard */ = {
			isa = PBXVariantGroup;
			children = (
				9827511C26FC25A10077A5F7 /* Base */,
			);
			name = Main.storyboard;
			sourceTree = "<group>";
		};
		9827512026FC25A20077A5F7 /* LaunchScreen.storyboard */ = {
			isa = PBXVariantGroup;
			children = (
				9827512126FC25A20077A5F7 /* Base */,
			);
			name = LaunchScreen.storyboard;
			sourceTree = "<group>";
		};
/* End PBXVariantGroup section */

/* Begin XCBuildConfiguration section */
		9827513A26FC25A20077A5F7 /* Debug */ = {
			isa = XCBuildConfiguration;
			buildSettings = {
				ALWAYS_SEARCH_USER_PATHS = NO;
				CLANG_ANALYZER_NONNULL = YES;
				CLANG_ANALYZER_NUMBER_OBJECT_CONVERSION = YES_AGGRESSIVE;
				CLANG_CXX_LANGUAGE_STANDARD = "gnu++14";
				CLANG_CXX_LIBRARY = "libc++";
				CLANG_ENABLE_MODULES = YES;
				CLANG_ENABLE_OBJC_ARC = YES;
				CLANG_ENABLE_OBJC_WEAK = YES;
				CLANG_WARN_BLOCK_CAPTURE_AUTORELEASING = YES;
				CLANG_WARN_BOOL_CONVERSION = YES;
				CLANG_WARN_COMMA = YES;
				CLANG_WARN_CONSTANT_CONVERSION = YES;
				CLANG_WARN_DEPRECATED_OBJC_IMPLEMENTATIONS = YES;
				CLANG_WARN_DIRECT_OBJC_ISA_USAGE = YES_ERROR;
				CLANG_WARN_DOCUMENTATION_COMMENTS = YES;
				CLANG_WARN_EMPTY_BODY = YES;
				CLANG_WARN_ENUM_CONVERSION = YES;
				CLANG_WARN_INFINITE_RECURSION = YES;
				CLANG_WARN_INT_CONVERSION = YES;
				CLANG_WARN_NON_LITERAL_NULL_CONVERSION = YES;
				CLANG_WARN_OBJC_IMPLICIT_RETAIN_SELF = YES;
				CLANG_WARN_OBJC_LITERAL_CONVERSION = YES;
				CLANG_WARN_OBJC_ROOT_CLASS = YES_ERROR;
				CLANG_WARN_QUOTED_INCLUDE_IN_FRAMEWORK_HEADER = YES;
				CLANG_WARN_RANGE_LOOP_ANALYSIS = YES;
				CLANG_WARN_STRICT_PROTOTYPES = YES;
				CLANG_WARN_SUSPICIOUS_MOVE = YES;
				CLANG_WARN_UNGUARDED_AVAILABILITY = YES_AGGRESSIVE;
				CLANG_WARN_UNREACHABLE_CODE = YES;
				CLANG_WARN__DUPLICATE_METHOD_MATCH = YES;
				COPY_PHASE_STRIP = NO;
				DEBUG_INFORMATION_FORMAT = dwarf;
				ENABLE_STRICT_OBJC_MSGSEND = YES;
				ENABLE_TESTABILITY = YES;
				GCC_C_LANGUAGE_STANDARD = gnu11;
				GCC_DYNAMIC_NO_PIC = NO;
				GCC_NO_COMMON_BLOCKS = YES;
				GCC_OPTIMIZATION_LEVEL = 0;
				GCC_PREPROCESSOR_DEFINITIONS = (
					"DEBUG=1",
					"$(inherited)",
				);
				GCC_WARN_64_TO_32_BIT_CONVERSION = YES;
				GCC_WARN_ABOUT_RETURN_TYPE = YES_ERROR;
				GCC_WARN_UNDECLARED_SELECTOR = YES;
				GCC_WARN_UNINITIALIZED_AUTOS = YES_AGGRESSIVE;
				GCC_WARN_UNUSED_FUNCTION = YES;
				GCC_WARN_UNUSED_VARIABLE = YES;
				IPHONEOS_DEPLOYMENT_TARGET = 14.5;
				MTL_ENABLE_DEBUG_INFO = INCLUDE_SOURCE;
				MTL_FAST_MATH = YES;
				ONLY_ACTIVE_ARCH = YES;
				SDKROOT = iphoneos;
				SWIFT_ACTIVE_COMPILATION_CONDITIONS = DEBUG;
				SWIFT_OPTIMIZATION_LEVEL = "-Onone";
			};
			name = Debug;
		};
		9827513B26FC25A20077A5F7 /* Release */ = {
			isa = XCBuildConfiguration;
			buildSettings = {
				ALWAYS_SEARCH_USER_PATHS = NO;
				CLANG_ANALYZER_NONNULL = YES;
				CLANG_ANALYZER_NUMBER_OBJECT_CONVERSION = YES_AGGRESSIVE;
				CLANG_CXX_LANGUAGE_STANDARD = "gnu++14";
				CLANG_CXX_LIBRARY = "libc++";
				CLANG_ENABLE_MODULES = YES;
				CLANG_ENABLE_OBJC_ARC = YES;
				CLANG_ENABLE_OBJC_WEAK = YES;
				CLANG_WARN_BLOCK_CAPTURE_AUTORELEASING = YES;
				CLANG_WARN_BOOL_CONVERSION = YES;
				CLANG_WARN_COMMA = YES;
				CLANG_WARN_CONSTANT_CONVERSION = YES;
				CLANG_WARN_DEPRECATED_OBJC_IMPLEMENTATIONS = YES;
				CLANG_WARN_DIRECT_OBJC_ISA_USAGE = YES_ERROR;
				CLANG_WARN_DOCUMENTATION_COMMENTS = YES;
				CLANG_WARN_EMPTY_BODY = YES;
				CLANG_WARN_ENUM_CONVERSION = YES;
				CLANG_WARN_INFINITE_RECURSION = YES;
				CLANG_WARN_INT_CONVERSION = YES;
				CLANG_WARN_NON_LITERAL_NULL_CONVERSION = YES;
				CLANG_WARN_OBJC_IMPLICIT_RETAIN_SELF = YES;
				CLANG_WARN_OBJC_LITERAL_CONVERSION = YES;
				CLANG_WARN_OBJC_ROOT_CLASS = YES_ERROR;
				CLANG_WARN_QUOTED_INCLUDE_IN_FRAMEWORK_HEADER = YES;
				CLANG_WARN_RANGE_LOOP_ANALYSIS = YES;
				CLANG_WARN_STRICT_PROTOTYPES = YES;
				CLANG_WARN_SUSPICIOUS_MOVE = YES;
				CLANG_WARN_UNGUARDED_AVAILABILITY = YES_AGGRESSIVE;
				CLANG_WARN_UNREACHABLE_CODE = YES;
				CLANG_WARN__DUPLICATE_METHOD_MATCH = YES;
				COPY_PHASE_STRIP = NO;
				DEBUG_INFORMATION_FORMAT = "dwarf-with-dsym";
				ENABLE_NS_ASSERTIONS = NO;
				ENABLE_STRICT_OBJC_MSGSEND = YES;
				GCC_C_LANGUAGE_STANDARD = gnu11;
				GCC_NO_COMMON_BLOCKS = YES;
				GCC_WARN_64_TO_32_BIT_CONVERSION = YES;
				GCC_WARN_ABOUT_RETURN_TYPE = YES_ERROR;
				GCC_WARN_UNDECLARED_SELECTOR = YES;
				GCC_WARN_UNINITIALIZED_AUTOS = YES_AGGRESSIVE;
				GCC_WARN_UNUSED_FUNCTION = YES;
				GCC_WARN_UNUSED_VARIABLE = YES;
				IPHONEOS_DEPLOYMENT_TARGET = 14.5;
				MTL_ENABLE_DEBUG_INFO = NO;
				MTL_FAST_MATH = YES;
				SDKROOT = iphoneos;
				SWIFT_COMPILATION_MODE = wholemodule;
				SWIFT_OPTIMIZATION_LEVEL = "-O";
				VALIDATE_PRODUCT = YES;
			};
			name = Release;
		};
		9827513D26FC25A20077A5F7 /* Debug */ = {
			isa = XCBuildConfiguration;
			buildSettings = {
				ASSETCATALOG_COMPILER_APPICON_NAME = AppIcon;
				ASSETCATALOG_COMPILER_GLOBAL_ACCENT_COLOR_NAME = AccentColor;
				CODE_SIGN_STYLE = Automatic;
				DEVELOPMENT_TEAM = 83G49NC33F;
				INFOPLIST_FILE = Tispter/Info.plist;
				LD_RUNPATH_SEARCH_PATHS = (
					"$(inherited)",
					"@executable_path/Frameworks",
				);
				PRODUCT_BUNDLE_IDENTIFIER = "com.vipul.lade-icloud.com.Tispter";
				PRODUCT_NAME = "$(TARGET_NAME)";
				SWIFT_VERSION = 5.0;
				TARGETED_DEVICE_FAMILY = "1,2";
			};
			name = Debug;
		};
		9827513E26FC25A20077A5F7 /* Release */ = {
			isa = XCBuildConfiguration;
			buildSettings = {
				ASSETCATALOG_COMPILER_APPICON_NAME = AppIcon;
				ASSETCATALOG_COMPILER_GLOBAL_ACCENT_COLOR_NAME = AccentColor;
				CODE_SIGN_STYLE = Automatic;
				DEVELOPMENT_TEAM = 83G49NC33F;
				INFOPLIST_FILE = Tispter/Info.plist;
				LD_RUNPATH_SEARCH_PATHS = (
					"$(inherited)",
					"@executable_path/Frameworks",
				);
				PRODUCT_BUNDLE_IDENTIFIER = "com.vipul.lade-icloud.com.Tispter";
				PRODUCT_NAME = "$(TARGET_NAME)";
				SWIFT_VERSION = 5.0;
				TARGETED_DEVICE_FAMILY = "1,2";
			};
			name = Release;
		};
		9827514026FC25A20077A5F7 /* Debug */ = {
			isa = XCBuildConfiguration;
			buildSettings = {
				ALWAYS_EMBED_SWIFT_STANDARD_LIBRARIES = YES;
				BUNDLE_LOADER = "$(TEST_HOST)";
				CODE_SIGN_STYLE = Automatic;
				DEVELOPMENT_TEAM = 83G49NC33F;
				INFOPLIST_FILE = TispterTests/Info.plist;
				IPHONEOS_DEPLOYMENT_TARGET = 14.5;
				LD_RUNPATH_SEARCH_PATHS = (
					"$(inherited)",
					"@executable_path/Frameworks",
					"@loader_path/Frameworks",
				);
				PRODUCT_BUNDLE_IDENTIFIER = "com.vipul.lade-icloud.com.TispterTests";
				PRODUCT_NAME = "$(TARGET_NAME)";
				SWIFT_VERSION = 5.0;
				TARGETED_DEVICE_FAMILY = "1,2";
				TEST_HOST = "$(BUILT_PRODUCTS_DIR)/Tispter.app/Tispter";
			};
			name = Debug;
		};
		9827514126FC25A20077A5F7 /* Release */ = {
			isa = XCBuildConfiguration;
			buildSettings = {
				ALWAYS_EMBED_SWIFT_STANDARD_LIBRARIES = YES;
				BUNDLE_LOADER = "$(TEST_HOST)";
				CODE_SIGN_STYLE = Automatic;
				DEVELOPMENT_TEAM = 83G49NC33F;
				INFOPLIST_FILE = TispterTests/Info.plist;
				IPHONEOS_DEPLOYMENT_TARGET = 14.5;
				LD_RUNPATH_SEARCH_PATHS = (
					"$(inherited)",
					"@executable_path/Frameworks",
					"@loader_path/Frameworks",
				);
				PRODUCT_BUNDLE_IDENTIFIER = "com.vipul.lade-icloud.com.TispterTests";
				PRODUCT_NAME = "$(TARGET_NAME)";
				SWIFT_VERSION = 5.0;
				TARGETED_DEVICE_FAMILY = "1,2";
				TEST_HOST = "$(BUILT_PRODUCTS_DIR)/Tispter.app/Tispter";
			};
			name = Release;
		};
		9827514326FC25A20077A5F7 /* Debug */ = {
			isa = XCBuildConfiguration;
			buildSettings = {
				ALWAYS_EMBED_SWIFT_STANDARD_LIBRARIES = YES;
				CODE_SIGN_STYLE = Automatic;
				DEVELOPMENT_TEAM = 83G49NC33F;
				INFOPLIST_FILE = TispterUITests/Info.plist;
				LD_RUNPATH_SEARCH_PATHS = (
					"$(inherited)",
					"@executable_path/Frameworks",
					"@loader_path/Frameworks",
				);
				PRODUCT_BUNDLE_IDENTIFIER = "com.vipul.lade-icloud.com.TispterUITests";
				PRODUCT_NAME = "$(TARGET_NAME)";
				SWIFT_VERSION = 5.0;
				TARGETED_DEVICE_FAMILY = "1,2";
				TEST_TARGET_NAME = Tispter;
			};
			name = Debug;
		};
		9827514426FC25A20077A5F7 /* Release */ = {
			isa = XCBuildConfiguration;
			buildSettings = {
				ALWAYS_EMBED_SWIFT_STANDARD_LIBRARIES = YES;
				CODE_SIGN_STYLE = Automatic;
				DEVELOPMENT_TEAM = 83G49NC33F;
				INFOPLIST_FILE = TispterUITests/Info.plist;
				LD_RUNPATH_SEARCH_PATHS = (
					"$(inherited)",
					"@executable_path/Frameworks",
					"@loader_path/Frameworks",
				);
				PRODUCT_BUNDLE_IDENTIFIER = "com.vipul.lade-icloud.com.TispterUITests";
				PRODUCT_NAME = "$(TARGET_NAME)";
				SWIFT_VERSION = 5.0;
				TARGETED_DEVICE_FAMILY = "1,2";
				TEST_TARGET_NAME = Tispter;
			};
			name = Release;
		};
/* End XCBuildConfiguration section */

/* Begin XCConfigurationList section */
		9827510D26FC25A10077A5F7 /* Build configuration list for PBXProject "Tispter" */ = {
			isa = XCConfigurationList;
			buildConfigurations = (
				9827513A26FC25A20077A5F7 /* Debug */,
				9827513B26FC25A20077A5F7 /* Release */,
			);
			defaultConfigurationIsVisible = 0;
			defaultConfigurationName = Release;
		};
		9827513C26FC25A20077A5F7 /* Build configuration list for PBXNativeTarget "Tispter" */ = {
			isa = XCConfigurationList;
			buildConfigurations = (
				9827513D26FC25A20077A5F7 /* Debug */,
				9827513E26FC25A20077A5F7 /* Release */,
			);
			defaultConfigurationIsVisible = 0;
			defaultConfigurationName = Release;
		};
		9827513F26FC25A20077A5F7 /* Build configuration list for PBXNativeTarget "TispterTests" */ = {
			isa = XCConfigurationList;
			buildConfigurations = (
				9827514026FC25A20077A5F7 /* Debug */,
				9827514126FC25A20077A5F7 /* Release */,
			);
			defaultConfigurationIsVisible = 0;
			defaultConfigurationName = Release;
		};
		9827514226FC25A20077A5F7 /* Build configuration list for PBXNativeTarget "TispterUITests" */ = {
			isa = XCConfigurationList;
			buildConfigurations = (
				9827514326FC25A20077A5F7 /* Debug */,
				9827514426FC25A20077A5F7 /* Release */,
			);
			defaultConfigurationIsVisible = 0;
			defaultConfigurationName = Release;
		};
/* End XCConfigurationList section */
	};
	rootObject = 9827510A26FC25A10077A5F7 /* Project object */;
}
